
Microsoft Visual Studio Solution File, Format Version 12.00
# Visual Studio Version 17
VisualStudioVersion = 17.0.31825.309
MinimumVisualStudioVersion = 10.0.40219.1
Project("{F2A71F9B-5D33-465A-A702-920D77279786}") = "Game1", "Game1.fsproj", "{FDA9F7BA-7420-4DAD-B070-C6DE6C65604D}"
EndProject
Global
	GlobalSection(SolutionConfigurationPlatforms) = preSolution
		Debug|Any CPU = Debug|Any CPU
		Release|Any CPU = Release|Any CPU
	EndGlobalSection
	GlobalSection(ProjectConfigurationPlatforms) = postSolution
		{FDA9F7BA-7420-4DAD-B070-C6DE6C65604D}.Debug|Any CPU.ActiveCfg = Debug|Any CPU
		{FDA9F7BA-7420-4DAD-B070-C6DE6C65604D}.Debug|Any CPU.Build.0 = Debug|Any CPU
		{FDA9F7BA-7420-4DAD-B070-C6DE6C65604D}.Release|Any CPU.ActiveCfg = Release|Any CPU
		{FDA9F7BA-7420-4DAD-B070-C6DE6C65604D}.Release|Any CPU.Build.0 = Release|Any CPU
	EndGlobalSection
	GlobalSection(SolutionProperties) = preSolution
		HideSolutionNode = FALSE
	EndGlobalSection
	GlobalSection(ExtensibilityGlobals) = postSolution
		SolutionGuid = {97C6D8DF-696D-4AFD-A27F-9AC5DB7105D8}
	EndGlobalSection
EndGlobal
